// !$*UTF8*$!
{
	archiveVersion = 1;
	classes = {
	};
	objectVersion = 48;
	objects = {

/* Begin PBXBuildFile section */
		A429E79A1FA436A1003F07D8 /* AppDelegate.swift in Sources */ = {isa = PBXBuildFile; fileRef = A429E7991FA436A1003F07D8 /* AppDelegate.swift */; };
		A429E79C1FA436A1003F07D8 /* ViewController.swift in Sources */ = {isa = PBXBuildFile; fileRef = A429E79B1FA436A1003F07D8 /* ViewController.swift */; };
		A429E79F1FA436A1003F07D8 /* Main.storyboard in Resources */ = {isa = PBXBuildFile; fileRef = A429E79D1FA436A1003F07D8 /* Main.storyboard */; };
		A429E7A11FA436A1003F07D8 /* Assets.xcassets in Resources */ = {isa = PBXBuildFile; fileRef = A429E7A01FA436A1003F07D8 /* Assets.xcassets */; };
		A429E7A41FA436A1003F07D8 /* LaunchScreen.storyboard in Resources */ = {isa = PBXBuildFile; fileRef = A429E7A21FA436A1003F07D8 /* LaunchScreen.storyboard */; };
/* End PBXBuildFile section */

/* Begin PBXFileReference section */
		A429E7961FA436A1003F07D8 /* Leap Cafe.app */ = {isa = PBXFileReference; explicitFileType = wrapper.application; includeInIndex = 0; path = "Leap Cafe.app"; sourceTree = BUILT_PRODUCTS_DIR; };
		A429E7991FA436A1003F07D8 /* AppDelegate.swift */ = {isa = PBXFileReference; lastKnownFileType = sourcecode.swift; path = AppDelegate.swift; sourceTree = "<group>"; };
		A429E79B1FA436A1003F07D8 /* ViewController.swift */ = {isa = PBXFileReference; lastKnownFileType = sourcecode.swift; path = ViewController.swift; sourceTree = "<group>"; };
		A429E79E1FA436A1003F07D8 /* Base */ = {isa = PBXFileReference; lastKnownFileType = file.storyboard; name = Base; path = Base.lproj/Main.storyboard; sourceTree = "<group>"; };
		A429E7A01FA436A1003F07D8 /* Assets.xcassets */ = {isa = PBXFileReference; lastKnownFileType = folder.assetcatalog; path = Assets.xcassets; sourceTree = "<group>"; };
		A429E7A31FA436A1003F07D8 /* Base */ = {isa = PBXFileReference; lastKnownFileType = file.storyboard; name = Base; path = Base.lproj/LaunchScreen.storyboard; sourceTree = "<group>"; };
		A429E7A51FA436A1003F07D8 /* Info.plist */ = {isa = PBXFileReference; lastKnownFileType = text.plist.xml; path = Info.plist; sourceTree = "<group>"; };
/* End PBXFileReference section */

/* Begin PBXFrameworksBuildPhase section */
		A429E7931FA436A1003F07D8 /* Frameworks */ = {
			isa = PBXFrameworksBuildPhase;
			buildActionMask = 2147483647;
			files = (
			);
			runOnlyForDeploymentPostprocessing = 0;
		};
/* End PBXFrameworksBuildPhase section */

/* Begin PBXGroup section */
		A429E78D1FA436A1003F07D8 = {
			isa = PBXGroup;
			children = (
				A429E7981FA436A1003F07D8 /* Leap Cafe */,
				A429E7971FA436A1003F07D8 /* Products */,
			);
			sourceTree = "<group>";
		};
		A429E7971FA436A1003F07D8 /* Products */ = {
			isa = PBXGroup;
			children = (
				A429E7961FA436A1003F07D8 /* Leap Cafe.app */,
			);
			name = Products;
			sourceTree = "<group>";
		};
		A429E7981FA436A1003F07D8 /* Leap Cafe */ = {
			isa = PBXGroup;
			children = (
				A429E7991FA436A1003F07D8 /* AppDelegate.swift */,
				A429E79B1FA436A1003F07D8 /* ViewController.swift */,
				A429E79D1FA436A1003F07D8 /* Main.storyboard */,
				A429E7A01FA436A1003F07D8 /* Assets.xcassets */,
				A429E7A21FA436A1003F07D8 /* LaunchScreen.storyboard */,
				A429E7A51FA436A1003F07D8 /* Info.plist */,
			);
			path = "Leap Cafe";
			sourceTree = "<group>";
		};
/* End PBXGroup section */

/* Begin PBXNativeTarget section */
		A429E7951FA436A1003F07D8 /* Leap Cafe */ = {
			isa = PBXNativeTarget;
			buildConfigurationList = A429E7A81FA436A1003F07D8 /* Build configuration list for PBXNativeTarget "Leap Cafe" */;
			buildPhases = (
				A429E7921FA436A1003F07D8 /* Sources */,
				A429E7931FA436A1003F07D8 /* Frameworks */,
				A429E7941FA436A1003F07D8 /* Resources */,
			);
			buildRules = (
			);
			dependencies = (
			);
			name = "Leap Cafe";
			productName = "Leap Cafe";
			productReference = A429E7961FA436A1003F07D8 /* Leap Cafe.app */;
			productType = "com.apple.product-type.application";
		};
/* End PBXNativeTarget section */

/* Begin PBXProject section */
		A429E78E1FA436A1003F07D8 /* Project object */ = {
			isa = PBXProject;
			attributes = {
				LastSwiftUpdateCheck = 0900;
				LastUpgradeCheck = 0900;
				ORGANIZATIONNAME = "Tengwei Hew";
				TargetAttributes = {
					A429E7951FA436A1003F07D8 = {
						CreatedOnToolsVersion = 9.0;
						ProvisioningStyle = Automatic;
					};
				};
			};
			buildConfigurationList = A429E7911FA436A1003F07D8 /* Build configuration list for PBXProject "Leap Cafe" */;
			compatibilityVersion = "Xcode 8.0";
			developmentRegion = en;
			hasScannedForEncodings = 0;
			knownRegions = (
				en,
				Base,
			);
			mainGroup = A429E78D1FA436A1003F07D8;
			productRefGroup = A429E7971FA436A1003F07D8 /* Products */;
			projectDirPath = "";
			projectRoot = "";
			targets = (
				A429E7951FA436A1003F07D8 /* Leap Cafe */,
			);
		};
/* End PBXProject section */

/* Begin PBXResourcesBuildPhase section */
		A429E7941FA436A1003F07D8 /* Resources */ = {
			isa = PBXResourcesBuildPhase;
			buildActionMask = 2147483647;
			files = (
				A429E7A41FA436A1003F07D8 /* LaunchScreen.storyboard in Resources */,
				A429E7A11FA436A1003F07D8 /* Assets.xcassets in Resources */,
				A429E79F1FA436A1003F07D8 /* Main.storyboard in Resources */,
			);
			runOnlyForDeploymentPostprocessing = 0;
		};
/* End PBXResourcesBuildPhase section */

/* Begin PBXSourcesBuildPhase section */
		A429E7921FA436A1003F07D8 /* Sources */ = {
			isa = PBXSourcesBuildPhase;
			buildActionMask = 2147483647;
			files = (
				A429E79C1FA436A1003F07D8 /* ViewController.swift in Sources */,
				A429E79A1FA436A1003F07D8 /* AppDelegate.swift in Sources */,
			);
			runOnlyForDeploymentPostprocessing = 0;
		};
/* End PBXSourcesBuildPhase section */

/* Begin PBXVariantGroup section */
		A429E79D1FA436A1003F07D8 /* Main.storyboard */ = {
			isa = PBXVariantGroup;
			children = (
				A429E79E1FA436A1003F07D8 /* Base */,
			);
			name = Main.storyboard;
			sourceTree = "<group>";
		};
		A429E7A21FA436A1003F07D8 /* LaunchScreen.storyboard */ = {
			isa = PBXVariantGroup;
			children = (
				A429E7A31FA436A1003F07D8 /* Base */,
			);
			name = LaunchScreen.storyboard;
			sourceTree = "<group>";
		};
/* End PBXVariantGroup section */

/* Begin XCBuildConfiguration section */
		A429E7A61FA436A1003F07D8 /* Debug */ = {
			isa = XCBuildConfiguration;
			buildSettings = {
				ALWAYS_SEARCH_USER_PATHS = NO;
				CLANG_ANALYZER_NONNULL = YES;
				CLANG_ANALYZER_NUMBER_OBJECT_CONVERSION = YES_AGGRESSIVE;
				CLANG_CXX_LANGUAGE_STANDARD = "gnu++14";
				CLANG_CXX_LIBRARY = "libc++";
				CLANG_ENABLE_MODULES = YES;
				CLANG_ENABLE_OBJC_ARC = YES;
				CLANG_WARN_BLOCK_CAPTURE_AUTORELEASING = YES;
				CLANG_WARN_BOOL_CONVERSION = YES;
				CLANG_WARN_COMMA = YES;
				CLANG_WARN_CONSTANT_CONVERSION = YES;
				CLANG_WARN_DIRECT_OBJC_ISA_USAGE = YES_ERROR;
				CLANG_WARN_DOCUMENTATION_COMMENTS = YES;
				CLANG_WARN_EMPTY_BODY = YES;
				CLANG_WARN_ENUM_CONVERSION = YES;
				CLANG_WARN_INFINITE_RECURSION = YES;
				CLANG_WARN_INT_CONVERSION = YES;
				CLANG_WARN_NON_LITERAL_NULL_CONVERSION = YES;
				CLANG_WARN_OBJC_LITERAL_CONVERSION = YES;
				CLANG_WARN_OBJC_ROOT_CLASS = YES_ERROR;
				CLANG_WARN_RANGE_LOOP_ANALYSIS = YES;
				CLANG_WARN_STRICT_PROTOTYPES = YES;
				CLANG_WARN_SUSPICIOUS_MOVE = YES;
				CLANG_WARN_UNGUARDED_AVAILABILITY = YES_AGGRESSIVE;
				CLANG_WARN_UNREACHABLE_CODE = YES;
				CLANG_WARN__DUPLICATE_METHOD_MATCH = YES;
				CODE_SIGN_IDENTITY = "iPhone Developer";
				COPY_PHASE_STRIP = NO;
				DEBUG_INFORMATION_FORMAT = dwarf;
				ENABLE_STRICT_OBJC_MSGSEND = YES;
				ENABLE_TESTABILITY = YES;
				GCC_C_LANGUAGE_STANDARD = gnu11;
				GCC_DYNAMIC_NO_PIC = NO;
				GCC_NO_COMMON_BLOCKS = YES;
				GCC_OPTIMIZATION_LEVEL = 0;
				GCC_PREPROCESSOR_DEFINITIONS = (
					"DEBUG=1",
					"$(inherited)",
				);
				GCC_WARN_64_TO_32_BIT_CONVERSION = YES;
				GCC_WARN_ABOUT_RETURN_TYPE = YES_ERROR;
				GCC_WARN_UNDECLARED_SELECTOR = YES;
				GCC_WARN_UNINITIALIZED_AUTOS = YES_AGGRESSIVE;
				GCC_WARN_UNUSED_FUNCTION = YES;
				GCC_WARN_UNUSED_VARIABLE = YES;
				IPHONEOS_DEPLOYMENT_TARGET = 11.0;
				MTL_ENABLE_DEBUG_INFO = YES;
				ONLY_ACTIVE_ARCH = YES;
				SDKROOT = iphoneos;
				SWIFT_ACTIVE_COMPILATION_CONDITIONS = DEBUG;
				SWIFT_OPTIMIZATION_LEVEL = "-Onone";
			};
			name = Debug;
		};
		A429E7A71FA436A1003F07D8 /* Release */ = {
			isa = XCBuildConfiguration;
			buildSettings = {
				ALWAYS_SEARCH_USER_PATHS = NO;
				CLANG_ANALYZER_NONNULL = YES;
				CLANG_ANALYZER_NUMBER_OBJECT_CONVERSION = YES_AGGRESSIVE;
				CLANG_CXX_LANGUAGE_STANDARD = "gnu++14";
				CLANG_CXX_LIBRARY = "libc++";
				CLANG_ENABLE_MODULES = YES;
				CLANG_ENABLE_OBJC_ARC = YES;
				CLANG_WARN_BLOCK_CAPTURE_AUTORELEASING = YES;
				CLANG_WARN_BOOL_CONVERSION = YES;
				CLANG_WARN_COMMA = YES;
				CLANG_WARN_CONSTANT_CONVERSION = YES;
				CLANG_WARN_DIRECT_OBJC_ISA_USAGE = YES_ERROR;
				CLANG_WARN_DOCUMENTATION_COMMENTS = YES;
				CLANG_WARN_EMPTY_BODY = YES;
				CLANG_WARN_ENUM_CONVERSION = YES;
				CLANG_WARN_INFINITE_RECURSION = YES;
				CLANG_WARN_INT_CONVERSION = YES;
				CLANG_WARN_NON_LITERAL_NULL_CONVERSION = YES;
				CLANG_WARN_OBJC_LITERAL_CONVERSION = YES;
				CLANG_WARN_OBJC_ROOT_CLASS = YES_ERROR;
				CLANG_WARN_RANGE_LOOP_ANALYSIS = YES;
				CLANG_WARN_STRICT_PROTOTYPES = YES;
				CLANG_WARN_SUSPICIOUS_MOVE = YES;
				CLANG_WARN_UNGUARDED_AVAILABILITY = YES_AGGRESSIVE;
				CLANG_WARN_UNREACHABLE_CODE = YES;
				CLANG_WARN__DUPLICATE_METHOD_MATCH = YES;
				CODE_SIGN_IDENTITY = "iPhone Developer";
				COPY_PHASE_STRIP = NO;
				DEBUG_INFORMATION_FORMAT = "dwarf-with-dsym";
				ENABLE_NS_ASSERTIONS = NO;
				ENABLE_STRICT_OBJC_MSGSEND = YES;
				GCC_C_LANGUAGE_STANDARD = gnu11;
				GCC_NO_COMMON_BLOCKS = YES;
				GCC_WARN_64_TO_32_BIT_CONVERSION = YES;
				GCC_WARN_ABOUT_RETURN_TYPE = YES_ERROR;
				GCC_WARN_UNDECLARED_SELECTOR = YES;
				GCC_WARN_UNINITIALIZED_AUTOS = YES_AGGRESSIVE;
				GCC_WARN_UNUSED_FUNCTION = YES;
				GCC_WARN_UNUSED_VARIABLE = YES;
				IPHONEOS_DEPLOYMENT_TARGET = 11.0;
				MTL_ENABLE_DEBUG_INFO = NO;
				SDKROOT = iphoneos;
				SWIFT_OPTIMIZATION_LEVEL = "-Owholemodule";
				VALIDATE_PRODUCT = YES;
			};
			name = Release;
		};
		A429E7A91FA436A1003F07D8 /* Debug */ = {
			isa = XCBuildConfiguration;
			buildSettings = {
				ASSETCATALOG_COMPILER_APPICON_NAME = AppIcon;
				CODE_SIGN_STYLE = Automatic;
				DEVELOPMENT_TEAM = Q4JYAN78NM;
				INFOPLIST_FILE = "Leap Cafe/Info.plist";
				LD_RUNPATH_SEARCH_PATHS = "$(inherited) @executable_path/Frameworks";
				PRODUCT_BUNDLE_IDENTIFIER = "com.Teng.Leap-Cafe";
				PRODUCT_NAME = "$(TARGET_NAME)";
				SWIFT_VERSION = 4.0;
				TARGETED_DEVICE_FAMILY = "1,2";
			};
			name = Debug;
		};
		A429E7AA1FA436A1003F07D8 /* Release */ = {
			isa = XCBuildConfiguration;
			buildSettings = {
				ASSETCATALOG_COMPILER_APPICON_NAME = AppIcon;
				CODE_SIGN_STYLE = Automatic;
				DEVELOPMENT_TEAM = Q4JYAN78NM;
				INFOPLIST_FILE = "Leap Cafe/Info.plist";
				LD_RUNPATH_SEARCH_PATHS = "$(inherited) @executable_path/Frameworks";
				PRODUCT_BUNDLE_IDENTIFIER = "com.Teng.Leap-Cafe";
				PRODUCT_NAME = "$(TARGET_NAME)";
				SWIFT_VERSION = 4.0;
				TARGETED_DEVICE_FAMILY = "1,2";
			};
			name = Release;
		};
/* End XCBuildConfiguration section */

/* Begin XCConfigurationList section */
		A429E7911FA436A1003F07D8 /* Build configuration list for PBXProject "Leap Cafe" */ = {
			isa = XCConfigurationList;
			buildConfigurations = (
				A429E7A61FA436A1003F07D8 /* Debug */,
				A429E7A71FA436A1003F07D8 /* Release */,
			);
			defaultConfigurationIsVisible = 0;
			defaultConfigurationName = Release;
		};
		A429E7A81FA436A1003F07D8 /* Build configuration list for PBXNativeTarget "Leap Cafe" */ = {
			isa = XCConfigurationList;
			buildConfigurations = (
				A429E7A91FA436A1003F07D8 /* Debug */,
				A429E7AA1FA436A1003F07D8 /* Release */,
			);
			defaultConfigurationIsVisible = 0;
			defaultConfigurationName = Release;
		};
/* End XCConfigurationList section */
	};
	rootObject = A429E78E1FA436A1003F07D8 /* Project object */;
}
